// !$*UTF8*$!
{
	archiveVersion = 1;
	classes = {
	};
	objectVersion = 46;
	objects = {

/* Begin PBXBuildFile section */
		61C4D7511D6D4479001F6FCE /* AppDelegate.swift in Sources */ = {isa = PBXBuildFile; fileRef = 61C4D7501D6D4479001F6FCE /* AppDelegate.swift */; };
		61C4D7531D6D4479001F6FCE /* ViewController.swift in Sources */ = {isa = PBXBuildFile; fileRef = 61C4D7521D6D4479001F6FCE /* ViewController.swift */; };
		61C4D7561D6D4479001F6FCE /* Main.storyboard in Resources */ = {isa = PBXBuildFile; fileRef = 61C4D7541D6D4479001F6FCE /* Main.storyboard */; };
		61C4D7581D6D4479001F6FCE /* Assets.xcassets in Resources */ = {isa = PBXBuildFile; fileRef = 61C4D7571D6D4479001F6FCE /* Assets.xcassets */; };
		61C4D75B1D6D4479001F6FCE /* LaunchScreen.storyboard in Resources */ = {isa = PBXBuildFile; fileRef = 61C4D7591D6D4479001F6FCE /* LaunchScreen.storyboard */; };
		61C4D7661D6D4479001F6FCE /* day_nineTests.swift in Sources */ = {isa = PBXBuildFile; fileRef = 61C4D7651D6D4479001F6FCE /* day_nineTests.swift */; };
		61C4D7711D6D4479001F6FCE /* day_nineUITests.swift in Sources */ = {isa = PBXBuildFile; fileRef = 61C4D7701D6D4479001F6FCE /* day_nineUITests.swift */; };
/* End PBXBuildFile section */

/* Begin PBXContainerItemProxy section */
		61C4D7621D6D4479001F6FCE /* PBXContainerItemProxy */ = {
			isa = PBXContainerItemProxy;
			containerPortal = 61C4D7451D6D4479001F6FCE /* Project object */;
			proxyType = 1;
			remoteGlobalIDString = 61C4D74C1D6D4479001F6FCE;
			remoteInfo = day_nine;
		};
		61C4D76D1D6D4479001F6FCE /* PBXContainerItemProxy */ = {
			isa = PBXContainerItemProxy;
			containerPortal = 61C4D7451D6D4479001F6FCE /* Project object */;
			proxyType = 1;
			remoteGlobalIDString = 61C4D74C1D6D4479001F6FCE;
			remoteInfo = day_nine;
		};
/* End PBXContainerItemProxy section */

/* Begin PBXFileReference section */
		61C4D74D1D6D4479001F6FCE /* day_nine.app */ = {isa = PBXFileReference; explicitFileType = wrapper.application; includeInIndex = 0; path = day_nine.app; sourceTree = BUILT_PRODUCTS_DIR; };
		61C4D7501D6D4479001F6FCE /* AppDelegate.swift */ = {isa = PBXFileReference; lastKnownFileType = sourcecode.swift; path = AppDelegate.swift; sourceTree = "<group>"; };
		61C4D7521D6D4479001F6FCE /* ViewController.swift */ = {isa = PBXFileReference; lastKnownFileType = sourcecode.swift; path = ViewController.swift; sourceTree = "<group>"; };
		61C4D7551D6D4479001F6FCE /* Base */ = {isa = PBXFileReference; lastKnownFileType = file.storyboard; name = Base; path = Base.lproj/Main.storyboard; sourceTree = "<group>"; };
		61C4D7571D6D4479001F6FCE /* Assets.xcassets */ = {isa = PBXFileReference; lastKnownFileType = folder.assetcatalog; path = Assets.xcassets; sourceTree = "<group>"; };
		61C4D75A1D6D4479001F6FCE /* Base */ = {isa = PBXFileReference; lastKnownFileType = file.storyboard; name = Base; path = Base.lproj/LaunchScreen.storyboard; sourceTree = "<group>"; };
		61C4D75C1D6D4479001F6FCE /* Info.plist */ = {isa = PBXFileReference; lastKnownFileType = text.plist.xml; path = Info.plist; sourceTree = "<group>"; };
		61C4D7611D6D4479001F6FCE /* day_nineTests.xctest */ = {isa = PBXFileReference; explicitFileType = wrapper.cfbundle; includeInIndex = 0; path = day_nineTests.xctest; sourceTree = BUILT_PRODUCTS_DIR; };
		61C4D7651D6D4479001F6FCE /* day_nineTests.swift */ = {isa = PBXFileReference; lastKnownFileType = sourcecode.swift; path = day_nineTests.swift; sourceTree = "<group>"; };
		61C4D7671D6D4479001F6FCE /* Info.plist */ = {isa = PBXFileReference; lastKnownFileType = text.plist.xml; path = Info.plist; sourceTree = "<group>"; };
		61C4D76C1D6D4479001F6FCE /* day_nineUITests.xctest */ = {isa = PBXFileReference; explicitFileType = wrapper.cfbundle; includeInIndex = 0; path = day_nineUITests.xctest; sourceTree = BUILT_PRODUCTS_DIR; };
		61C4D7701D6D4479001F6FCE /* day_nineUITests.swift */ = {isa = PBXFileReference; lastKnownFileType = sourcecode.swift; path = day_nineUITests.swift; sourceTree = "<group>"; };
		61C4D7721D6D4479001F6FCE /* Info.plist */ = {isa = PBXFileReference; lastKnownFileType = text.plist.xml; path = Info.plist; sourceTree = "<group>"; };
/* End PBXFileReference section */

/* Begin PBXFrameworksBuildPhase section */
		61C4D74A1D6D4479001F6FCE /* Frameworks */ = {
			isa = PBXFrameworksBuildPhase;
			buildActionMask = 2147483647;
			files = (
			);
			runOnlyForDeploymentPostprocessing = 0;
		};
		61C4D75E1D6D4479001F6FCE /* Frameworks */ = {
			isa = PBXFrameworksBuildPhase;
			buildActionMask = 2147483647;
			files = (
			);
			runOnlyForDeploymentPostprocessing = 0;
		};
		61C4D7691D6D4479001F6FCE /* Frameworks */ = {
			isa = PBXFrameworksBuildPhase;
			buildActionMask = 2147483647;
			files = (
			);
			runOnlyForDeploymentPostprocessing = 0;
		};
/* End PBXFrameworksBuildPhase section */

/* Begin PBXGroup section */
		61C4D7441D6D4479001F6FCE = {
			isa = PBXGroup;
			children = (
				61C4D74F1D6D4479001F6FCE /* day_nine */,
				61C4D7641D6D4479001F6FCE /* day_nineTests */,
				61C4D76F1D6D4479001F6FCE /* day_nineUITests */,
				61C4D74E1D6D4479001F6FCE /* Products */,
			);
			sourceTree = "<group>";
		};
		61C4D74E1D6D4479001F6FCE /* Products */ = {
			isa = PBXGroup;
			children = (
				61C4D74D1D6D4479001F6FCE /* day_nine.app */,
				61C4D7611D6D4479001F6FCE /* day_nineTests.xctest */,
				61C4D76C1D6D4479001F6FCE /* day_nineUITests.xctest */,
			);
			name = Products;
			sourceTree = "<group>";
		};
		61C4D74F1D6D4479001F6FCE /* day_nine */ = {
			isa = PBXGroup;
			children = (
				61C4D7501D6D4479001F6FCE /* AppDelegate.swift */,
				61C4D7521D6D4479001F6FCE /* ViewController.swift */,
				61C4D7541D6D4479001F6FCE /* Main.storyboard */,
				61C4D7571D6D4479001F6FCE /* Assets.xcassets */,
				61C4D7591D6D4479001F6FCE /* LaunchScreen.storyboard */,
				61C4D75C1D6D4479001F6FCE /* Info.plist */,
			);
			path = day_nine;
			sourceTree = "<group>";
		};
		61C4D7641D6D4479001F6FCE /* day_nineTests */ = {
			isa = PBXGroup;
			children = (
				61C4D7651D6D4479001F6FCE /* day_nineTests.swift */,
				61C4D7671D6D4479001F6FCE /* Info.plist */,
			);
			path = day_nineTests;
			sourceTree = "<group>";
		};
		61C4D76F1D6D4479001F6FCE /* day_nineUITests */ = {
			isa = PBXGroup;
			children = (
				61C4D7701D6D4479001F6FCE /* day_nineUITests.swift */,
				61C4D7721D6D4479001F6FCE /* Info.plist */,
			);
			path = day_nineUITests;
			sourceTree = "<group>";
		};
/* End PBXGroup section */

/* Begin PBXNativeTarget section */
		61C4D74C1D6D4479001F6FCE /* day_nine */ = {
			isa = PBXNativeTarget;
			buildConfigurationList = 61C4D7751D6D4479001F6FCE /* Build configuration list for PBXNativeTarget "day_nine" */;
			buildPhases = (
				61C4D7491D6D4479001F6FCE /* Sources */,
				61C4D74A1D6D4479001F6FCE /* Frameworks */,
				61C4D74B1D6D4479001F6FCE /* Resources */,
			);
			buildRules = (
			);
			dependencies = (
			);
			name = day_nine;
			productName = day_nine;
			productReference = 61C4D74D1D6D4479001F6FCE /* day_nine.app */;
			productType = "com.apple.product-type.application";
		};
		61C4D7601D6D4479001F6FCE /* day_nineTests */ = {
			isa = PBXNativeTarget;
			buildConfigurationList = 61C4D7781D6D4479001F6FCE /* Build configuration list for PBXNativeTarget "day_nineTests" */;
			buildPhases = (
				61C4D75D1D6D4479001F6FCE /* Sources */,
				61C4D75E1D6D4479001F6FCE /* Frameworks */,
				61C4D75F1D6D4479001F6FCE /* Resources */,
			);
			buildRules = (
			);
			dependencies = (
				61C4D7631D6D4479001F6FCE /* PBXTargetDependency */,
			);
			name = day_nineTests;
			productName = day_nineTests;
			productReference = 61C4D7611D6D4479001F6FCE /* day_nineTests.xctest */;
			productType = "com.apple.product-type.bundle.unit-test";
		};
		61C4D76B1D6D4479001F6FCE /* day_nineUITests */ = {
			isa = PBXNativeTarget;
			buildConfigurationList = 61C4D77B1D6D4479001F6FCE /* Build configuration list for PBXNativeTarget "day_nineUITests" */;
			buildPhases = (
				61C4D7681D6D4479001F6FCE /* Sources */,
				61C4D7691D6D4479001F6FCE /* Frameworks */,
				61C4D76A1D6D4479001F6FCE /* Resources */,
			);
			buildRules = (
			);
			dependencies = (
				61C4D76E1D6D4479001F6FCE /* PBXTargetDependency */,
			);
			name = day_nineUITests;
			productName = day_nineUITests;
			productReference = 61C4D76C1D6D4479001F6FCE /* day_nineUITests.xctest */;
			productType = "com.apple.product-type.bundle.ui-testing";
		};
/* End PBXNativeTarget section */

/* Begin PBXProject section */
		61C4D7451D6D4479001F6FCE /* Project object */ = {
			isa = PBXProject;
			attributes = {
				LastSwiftUpdateCheck = 0730;
				LastUpgradeCheck = 0730;
				ORGANIZATIONNAME = stokey;
				TargetAttributes = {
					61C4D74C1D6D4479001F6FCE = {
						CreatedOnToolsVersion = 7.3.1;
					};
					61C4D7601D6D4479001F6FCE = {
						CreatedOnToolsVersion = 7.3.1;
						TestTargetID = 61C4D74C1D6D4479001F6FCE;
					};
					61C4D76B1D6D4479001F6FCE = {
						CreatedOnToolsVersion = 7.3.1;
						TestTargetID = 61C4D74C1D6D4479001F6FCE;
					};
				};
			};
			buildConfigurationList = 61C4D7481D6D4479001F6FCE /* Build configuration list for PBXProject "day_nine" */;
			compatibilityVersion = "Xcode 3.2";
			developmentRegion = English;
			hasScannedForEncodings = 0;
			knownRegions = (
				en,
				Base,
			);
			mainGroup = 61C4D7441D6D4479001F6FCE;
			productRefGroup = 61C4D74E1D6D4479001F6FCE /* Products */;
			projectDirPath = "";
			projectRoot = "";
			targets = (
				61C4D74C1D6D4479001F6FCE /* day_nine */,
				61C4D7601D6D4479001F6FCE /* day_nineTests */,
				61C4D76B1D6D4479001F6FCE /* day_nineUITests */,
			);
		};
/* End PBXProject section */

/* Begin PBXResourcesBuildPhase section */
		61C4D74B1D6D4479001F6FCE /* Resources */ = {
			isa = PBXResourcesBuildPhase;
			buildActionMask = 2147483647;
			files = (
				61C4D75B1D6D4479001F6FCE /* LaunchScreen.storyboard in Resources */,
				61C4D7581D6D4479001F6FCE /* Assets.xcassets in Resources */,
				61C4D7561D6D4479001F6FCE /* Main.storyboard in Resources */,
			);
			runOnlyForDeploymentPostprocessing = 0;
		};
		61C4D75F1D6D4479001F6FCE /* Resources */ = {
			isa = PBXResourcesBuildPhase;
			buildActionMask = 2147483647;
			files = (
			);
			runOnlyForDeploymentPostprocessing = 0;
		};
		61C4D76A1D6D4479001F6FCE /* Resources */ = {
			isa = PBXResourcesBuildPhase;
			buildActionMask = 2147483647;
			files = (
			);
			runOnlyForDeploymentPostprocessing = 0;
		};
/* End PBXResourcesBuildPhase section */

/* Begin PBXSourcesBuildPhase section */
		61C4D7491D6D4479001F6FCE /* Sources */ = {
			isa = PBXSourcesBuildPhase;
			buildActionMask = 2147483647;
			files = (
				61C4D7531D6D4479001F6FCE /* ViewController.swift in Sources */,
				61C4D7511D6D4479001F6FCE /* AppDelegate.swift in Sources */,
			);
			runOnlyForDeploymentPostprocessing = 0;
		};
		61C4D75D1D6D4479001F6FCE /* Sources */ = {
			isa = PBXSourcesBuildPhase;
			buildActionMask = 2147483647;
			files = (
				61C4D7661D6D4479001F6FCE /* day_nineTests.swift in Sources */,
			);
			runOnlyForDeploymentPostprocessing = 0;
		};
		61C4D7681D6D4479001F6FCE /* Sources */ = {
			isa = PBXSourcesBuildPhase;
			buildActionMask = 2147483647;
			files = (
				61C4D7711D6D4479001F6FCE /* day_nineUITests.swift in Sources */,
			);
			runOnlyForDeploymentPostprocessing = 0;
		};
/* End PBXSourcesBuildPhase section */

/* Begin PBXTargetDependency section */
		61C4D7631D6D4479001F6FCE /* PBXTargetDependency */ = {
			isa = PBXTargetDependency;
			target = 61C4D74C1D6D4479001F6FCE /* day_nine */;
			targetProxy = 61C4D7621D6D4479001F6FCE /* PBXContainerItemProxy */;
		};
		61C4D76E1D6D4479001F6FCE /* PBXTargetDependency */ = {
			isa = PBXTargetDependency;
			target = 61C4D74C1D6D4479001F6FCE /* day_nine */;
			targetProxy = 61C4D76D1D6D4479001F6FCE /* PBXContainerItemProxy */;
		};
/* End PBXTargetDependency section */

/* Begin PBXVariantGroup section */
		61C4D7541D6D4479001F6FCE /* Main.storyboard */ = {
			isa = PBXVariantGroup;
			children = (
				61C4D7551D6D4479001F6FCE /* Base */,
			);
			name = Main.storyboard;
			sourceTree = "<group>";
		};
		61C4D7591D6D4479001F6FCE /* LaunchScreen.storyboard */ = {
			isa = PBXVariantGroup;
			children = (
				61C4D75A1D6D4479001F6FCE /* Base */,
			);
			name = LaunchScreen.storyboard;
			sourceTree = "<group>";
		};
/* End PBXVariantGroup section */

/* Begin XCBuildConfiguration section */
		61C4D7731D6D4479001F6FCE /* Debug */ = {
			isa = XCBuildConfiguration;
			buildSettings = {
				ALWAYS_SEARCH_USER_PATHS = NO;
				CLANG_ANALYZER_NONNULL = YES;
				CLANG_CXX_LANGUAGE_STANDARD = "gnu++0x";
				CLANG_CXX_LIBRARY = "libc++";
				CLANG_ENABLE_MODULES = YES;
				CLANG_ENABLE_OBJC_ARC = YES;
				CLANG_WARN_BOOL_CONVERSION = YES;
				CLANG_WARN_CONSTANT_CONVERSION = YES;
				CLANG_WARN_DIRECT_OBJC_ISA_USAGE = YES_ERROR;
				CLANG_WARN_EMPTY_BODY = YES;
				CLANG_WARN_ENUM_CONVERSION = YES;
				CLANG_WARN_INT_CONVERSION = YES;
				CLANG_WARN_OBJC_ROOT_CLASS = YES_ERROR;
				CLANG_WARN_UNREACHABLE_CODE = YES;
				CLANG_WARN__DUPLICATE_METHOD_MATCH = YES;
				"CODE_SIGN_IDENTITY[sdk=iphoneos*]" = "iPhone Developer";
				COPY_PHASE_STRIP = NO;
				DEBUG_INFORMATION_FORMAT = dwarf;
				ENABLE_STRICT_OBJC_MSGSEND = YES;
				ENABLE_TESTABILITY = YES;
				GCC_C_LANGUAGE_STANDARD = gnu99;
				GCC_DYNAMIC_NO_PIC = NO;
				GCC_NO_COMMON_BLOCKS = YES;
				GCC_OPTIMIZATION_LEVEL = 0;
				GCC_PREPROCESSOR_DEFINITIONS = (
					"DEBUG=1",
					"$(inherited)",
				);
				GCC_WARN_64_TO_32_BIT_CONVERSION = YES;
				GCC_WARN_ABOUT_RETURN_TYPE = YES_ERROR;
				GCC_WARN_UNDECLARED_SELECTOR = YES;
				GCC_WARN_UNINITIALIZED_AUTOS = YES_AGGRESSIVE;
				GCC_WARN_UNUSED_FUNCTION = YES;
				GCC_WARN_UNUSED_VARIABLE = YES;
				IPHONEOS_DEPLOYMENT_TARGET = 9.3;
				MTL_ENABLE_DEBUG_INFO = YES;
				ONLY_ACTIVE_ARCH = YES;
				SDKROOT = iphoneos;
				SWIFT_OPTIMIZATION_LEVEL = "-Onone";
			};
			name = Debug;
		};
		61C4D7741D6D4479001F6FCE /* Release */ = {
			isa = XCBuildConfiguration;
			buildSettings = {
				ALWAYS_SEARCH_USER_PATHS = NO;
				CLANG_ANALYZER_NONNULL = YES;
				CLANG_CXX_LANGUAGE_STANDARD = "gnu++0x";
				CLANG_CXX_LIBRARY = "libc++";
				CLANG_ENABLE_MODULES = YES;
				CLANG_ENABLE_OBJC_ARC = YES;
				CLANG_WARN_BOOL_CONVERSION = YES;
				CLANG_WARN_CONSTANT_CONVERSION = YES;
				CLANG_WARN_DIRECT_OBJC_ISA_USAGE = YES_ERROR;
				CLANG_WARN_EMPTY_BODY = YES;
				CLANG_WARN_ENUM_CONVERSION = YES;
				CLANG_WARN_INT_CONVERSION = YES;
				CLANG_WARN_OBJC_ROOT_CLASS = YES_ERROR;
				CLANG_WARN_UNREACHABLE_CODE = YES;
				CLANG_WARN__DUPLICATE_METHOD_MATCH = YES;
				"CODE_SIGN_IDENTITY[sdk=iphoneos*]" = "iPhone Developer";
				COPY_PHASE_STRIP = NO;
				DEBUG_INFORMATION_FORMAT = "dwarf-with-dsym";
				ENABLE_NS_ASSERTIONS = NO;
				ENABLE_STRICT_OBJC_MSGSEND = YES;
				GCC_C_LANGUAGE_STANDARD = gnu99;
				GCC_NO_COMMON_BLOCKS = YES;
				GCC_WARN_64_TO_32_BIT_CONVERSION = YES;
				GCC_WARN_ABOUT_RETURN_TYPE = YES_ERROR;
				GCC_WARN_UNDECLARED_SELECTOR = YES;
				GCC_WARN_UNINITIALIZED_AUTOS = YES_AGGRESSIVE;
				GCC_WARN_UNUSED_FUNCTION = YES;
				GCC_WARN_UNUSED_VARIABLE = YES;
				IPHONEOS_DEPLOYMENT_TARGET = 9.3;
				MTL_ENABLE_DEBUG_INFO = NO;
				SDKROOT = iphoneos;
				VALIDATE_PRODUCT = YES;
			};
			name = Release;
		};
		61C4D7761D6D4479001F6FCE /* Debug */ = {
			isa = XCBuildConfiguration;
			buildSettings = {
				ASSETCATALOG_COMPILER_APPICON_NAME = AppIcon;
				INFOPLIST_FILE = day_nine/Info.plist;
				LD_RUNPATH_SEARCH_PATHS = "$(inherited) @executable_path/Frameworks";
				PRODUCT_BUNDLE_IDENTIFIER = "com.stokey.swift.day-nine";
				PRODUCT_NAME = "$(TARGET_NAME)";
			};
			name = Debug;
		};
		61C4D7771D6D4479001F6FCE /* Release */ = {
			isa = XCBuildConfiguration;
			buildSettings = {
				ASSETCATALOG_COMPILER_APPICON_NAME = AppIcon;
				INFOPLIST_FILE = day_nine/Info.plist;
				LD_RUNPATH_SEARCH_PATHS = "$(inherited) @executable_path/Frameworks";
				PRODUCT_BUNDLE_IDENTIFIER = "com.stokey.swift.day-nine";
				PRODUCT_NAME = "$(TARGET_NAME)";
			};
			name = Release;
		};
		61C4D7791D6D4479001F6FCE /* Debug */ = {
			isa = XCBuildConfiguration;
			buildSettings = {
				BUNDLE_LOADER = "$(TEST_HOST)";
				INFOPLIST_FILE = day_nineTests/Info.plist;
				LD_RUNPATH_SEARCH_PATHS = "$(inherited) @executable_path/Frameworks @loader_path/Frameworks";
				PRODUCT_BUNDLE_IDENTIFIER = "com.stokey.swift.day-nineTests";
				PRODUCT_NAME = "$(TARGET_NAME)";
				TEST_HOST = "$(BUILT_PRODUCTS_DIR)/day_nine.app/day_nine";
			};
			name = Debug;
		};
		61C4D77A1D6D4479001F6FCE /* Release */ = {
			isa = XCBuildConfiguration;
			buildSettings = {
				BUNDLE_LOADER = "$(TEST_HOST)";
				INFOPLIST_FILE = day_nineTests/Info.plist;
				LD_RUNPATH_SEARCH_PATHS = "$(inherited) @executable_path/Frameworks @loader_path/Frameworks";
				PRODUCT_BUNDLE_IDENTIFIER = "com.stokey.swift.day-nineTests";
				PRODUCT_NAME = "$(TARGET_NAME)";
				TEST_HOST = "$(BUILT_PRODUCTS_DIR)/day_nine.app/day_nine";
			};
			name = Release;
		};
		61C4D77C1D6D4479001F6FCE /* Debug */ = {
			isa = XCBuildConfiguration;
			buildSettings = {
				INFOPLIST_FILE = day_nineUITests/Info.plist;
				LD_RUNPATH_SEARCH_PATHS = "$(inherited) @executable_path/Frameworks @loader_path/Frameworks";
				PRODUCT_BUNDLE_IDENTIFIER = "com.stokey.swift.day-nineUITests";
				PRODUCT_NAME = "$(TARGET_NAME)";
				TEST_TARGET_NAME = day_nine;
			};
			name = Debug;
		};
		61C4D77D1D6D4479001F6FCE /* Release */ = {
			isa = XCBuildConfiguration;
			buildSettings = {
				INFOPLIST_FILE = day_nineUITests/Info.plist;
				LD_RUNPATH_SEARCH_PATHS = "$(inherited) @executable_path/Frameworks @loader_path/Frameworks";
				PRODUCT_BUNDLE_IDENTIFIER = "com.stokey.swift.day-nineUITests";
				PRODUCT_NAME = "$(TARGET_NAME)";
				TEST_TARGET_NAME = day_nine;
			};
			name = Release;
		};
/* End XCBuildConfiguration section */

/* Begin XCConfigurationList section */
		61C4D7481D6D4479001F6FCE /* Build configuration list for PBXProject "day_nine" */ = {
			isa = XCConfigurationList;
			buildConfigurations = (
				61C4D7731D6D4479001F6FCE /* Debug */,
				61C4D7741D6D4479001F6FCE /* Release */,
			);
			defaultConfigurationIsVisible = 0;
			defaultConfigurationName = Release;
		};
		61C4D7751D6D4479001F6FCE /* Build configuration list for PBXNativeTarget "day_nine" */ = {
			isa = XCConfigurationList;
			buildConfigurations = (
				61C4D7761D6D4479001F6FCE /* Debug */,
				61C4D7771D6D4479001F6FCE /* Release */,
			);
			defaultConfigurationIsVisible = 0;
		};
		61C4D7781D6D4479001F6FCE /* Build configuration list for PBXNativeTarget "day_nineTests" */ = {
			isa = XCConfigurationList;
			buildConfigurations = (
				61C4D7791D6D4479001F6FCE /* Debug */,
				61C4D77A1D6D4479001F6FCE /* Release */,
			);
			defaultConfigurationIsVisible = 0;
		};
		61C4D77B1D6D4479001F6FCE /* Build configuration list for PBXNativeTarget "day_nineUITests" */ = {
			isa = XCConfigurationList;
			buildConfigurations = (
				61C4D77C1D6D4479001F6FCE /* Debug */,
				61C4D77D1D6D4479001F6FCE /* Release */,
			);
			defaultConfigurationIsVisible = 0;
		};
/* End XCConfigurationList section */
	};
	rootObject = 61C4D7451D6D4479001F6FCE /* Project object */;
}
