// !$*UTF8*$!
{
	archiveVersion = 1;
	classes = {
	};
	objectVersion = 46;
	objects = {

/* Begin PBXBuildFile section */
		3D2AA1F21D53AF3600726B6E /* DetailViewController.swift in Sources */ = {isa = PBXBuildFile; fileRef = 3D2AA1F11D53AF3600726B6E /* DetailViewController.swift */; };
		3DAB0D991D524EFA00D9A275 /* AppDelegate.swift in Sources */ = {isa = PBXBuildFile; fileRef = 3DAB0D981D524EFA00D9A275 /* AppDelegate.swift */; };
		3DAB0D9B1D524EFA00D9A275 /* ViewController.swift in Sources */ = {isa = PBXBuildFile; fileRef = 3DAB0D9A1D524EFA00D9A275 /* ViewController.swift */; };
		3DAB0D9E1D524EFA00D9A275 /* Main.storyboard in Resources */ = {isa = PBXBuildFile; fileRef = 3DAB0D9C1D524EFA00D9A275 /* Main.storyboard */; };
		3DAB0DA01D524EFA00D9A275 /* Assets.xcassets in Resources */ = {isa = PBXBuildFile; fileRef = 3DAB0D9F1D524EFA00D9A275 /* Assets.xcassets */; };
		3DAB0DA31D524EFA00D9A275 /* LaunchScreen.storyboard in Resources */ = {isa = PBXBuildFile; fileRef = 3DAB0DA11D524EFA00D9A275 /* LaunchScreen.storyboard */; };
		3DAB0DAE1D524EFA00D9A275 /* UIView_day_fourTests.swift in Sources */ = {isa = PBXBuildFile; fileRef = 3DAB0DAD1D524EFA00D9A275 /* UIView_day_fourTests.swift */; };
		3DAB0DB91D524EFA00D9A275 /* UIView_day_fourUITests.swift in Sources */ = {isa = PBXBuildFile; fileRef = 3DAB0DB81D524EFA00D9A275 /* UIView_day_fourUITests.swift */; };
		3DAB0DC71D5251BC00D9A275 /* TodoModel.swift in Sources */ = {isa = PBXBuildFile; fileRef = 3DAB0DC61D5251BC00D9A275 /* TodoModel.swift */; };
		3DAB0DC91D5252C400D9A275 /* Common.swift in Sources */ = {isa = PBXBuildFile; fileRef = 3DAB0DC81D5252C400D9A275 /* Common.swift */; };
/* End PBXBuildFile section */

/* Begin PBXContainerItemProxy section */
		3DAB0DAA1D524EFA00D9A275 /* PBXContainerItemProxy */ = {
			isa = PBXContainerItemProxy;
			containerPortal = 3DAB0D8D1D524EFA00D9A275 /* Project object */;
			proxyType = 1;
			remoteGlobalIDString = 3DAB0D941D524EFA00D9A275;
			remoteInfo = UIView_day_four;
		};
		3DAB0DB51D524EFA00D9A275 /* PBXContainerItemProxy */ = {
			isa = PBXContainerItemProxy;
			containerPortal = 3DAB0D8D1D524EFA00D9A275 /* Project object */;
			proxyType = 1;
			remoteGlobalIDString = 3DAB0D941D524EFA00D9A275;
			remoteInfo = UIView_day_four;
		};
/* End PBXContainerItemProxy section */

/* Begin PBXFileReference section */
		3D2AA1F11D53AF3600726B6E /* DetailViewController.swift */ = {isa = PBXFileReference; fileEncoding = 4; lastKnownFileType = sourcecode.swift; path = DetailViewController.swift; sourceTree = "<group>"; };
		3DAB0D951D524EFA00D9A275 /* UIView_day_four.app */ = {isa = PBXFileReference; explicitFileType = wrapper.application; includeInIndex = 0; path = UIView_day_four.app; sourceTree = BUILT_PRODUCTS_DIR; };
		3DAB0D981D524EFA00D9A275 /* AppDelegate.swift */ = {isa = PBXFileReference; lastKnownFileType = sourcecode.swift; path = AppDelegate.swift; sourceTree = "<group>"; };
		3DAB0D9A1D524EFA00D9A275 /* ViewController.swift */ = {isa = PBXFileReference; lastKnownFileType = sourcecode.swift; path = ViewController.swift; sourceTree = "<group>"; };
		3DAB0D9D1D524EFA00D9A275 /* Base */ = {isa = PBXFileReference; lastKnownFileType = file.storyboard; name = Base; path = Base.lproj/Main.storyboard; sourceTree = "<group>"; };
		3DAB0D9F1D524EFA00D9A275 /* Assets.xcassets */ = {isa = PBXFileReference; lastKnownFileType = folder.assetcatalog; path = Assets.xcassets; sourceTree = "<group>"; };
		3DAB0DA21D524EFA00D9A275 /* Base */ = {isa = PBXFileReference; lastKnownFileType = file.storyboard; name = Base; path = Base.lproj/LaunchScreen.storyboard; sourceTree = "<group>"; };
		3DAB0DA41D524EFA00D9A275 /* Info.plist */ = {isa = PBXFileReference; lastKnownFileType = text.plist.xml; path = Info.plist; sourceTree = "<group>"; };
		3DAB0DA91D524EFA00D9A275 /* UIView_day_fourTests.xctest */ = {isa = PBXFileReference; explicitFileType = wrapper.cfbundle; includeInIndex = 0; path = UIView_day_fourTests.xctest; sourceTree = BUILT_PRODUCTS_DIR; };
		3DAB0DAD1D524EFA00D9A275 /* UIView_day_fourTests.swift */ = {isa = PBXFileReference; lastKnownFileType = sourcecode.swift; path = UIView_day_fourTests.swift; sourceTree = "<group>"; };
		3DAB0DAF1D524EFA00D9A275 /* Info.plist */ = {isa = PBXFileReference; lastKnownFileType = text.plist.xml; path = Info.plist; sourceTree = "<group>"; };
		3DAB0DB41D524EFA00D9A275 /* UIView_day_fourUITests.xctest */ = {isa = PBXFileReference; explicitFileType = wrapper.cfbundle; includeInIndex = 0; path = UIView_day_fourUITests.xctest; sourceTree = BUILT_PRODUCTS_DIR; };
		3DAB0DB81D524EFA00D9A275 /* UIView_day_fourUITests.swift */ = {isa = PBXFileReference; lastKnownFileType = sourcecode.swift; path = UIView_day_fourUITests.swift; sourceTree = "<group>"; };
		3DAB0DBA1D524EFA00D9A275 /* Info.plist */ = {isa = PBXFileReference; lastKnownFileType = text.plist.xml; path = Info.plist; sourceTree = "<group>"; };
		3DAB0DC61D5251BC00D9A275 /* TodoModel.swift */ = {isa = PBXFileReference; fileEncoding = 4; lastKnownFileType = sourcecode.swift; path = TodoModel.swift; sourceTree = "<group>"; };
		3DAB0DC81D5252C400D9A275 /* Common.swift */ = {isa = PBXFileReference; fileEncoding = 4; lastKnownFileType = sourcecode.swift; path = Common.swift; sourceTree = "<group>"; };
/* End PBXFileReference section */

/* Begin PBXFrameworksBuildPhase section */
		3DAB0D921D524EFA00D9A275 /* Frameworks */ = {
			isa = PBXFrameworksBuildPhase;
			buildActionMask = 2147483647;
			files = (
			);
			runOnlyForDeploymentPostprocessing = 0;
		};
		3DAB0DA61D524EFA00D9A275 /* Frameworks */ = {
			isa = PBXFrameworksBuildPhase;
			buildActionMask = 2147483647;
			files = (
			);
			runOnlyForDeploymentPostprocessing = 0;
		};
		3DAB0DB11D524EFA00D9A275 /* Frameworks */ = {
			isa = PBXFrameworksBuildPhase;
			buildActionMask = 2147483647;
			files = (
			);
			runOnlyForDeploymentPostprocessing = 0;
		};
/* End PBXFrameworksBuildPhase section */

/* Begin PBXGroup section */
		3DAB0D8C1D524EFA00D9A275 = {
			isa = PBXGroup;
			children = (
				3DAB0D971D524EFA00D9A275 /* UIView_day_four */,
				3DAB0DAC1D524EFA00D9A275 /* UIView_day_fourTests */,
				3DAB0DB71D524EFA00D9A275 /* UIView_day_fourUITests */,
				3DAB0D961D524EFA00D9A275 /* Products */,
			);
			sourceTree = "<group>";
		};
		3DAB0D961D524EFA00D9A275 /* Products */ = {
			isa = PBXGroup;
			children = (
				3DAB0D951D524EFA00D9A275 /* UIView_day_four.app */,
				3DAB0DA91D524EFA00D9A275 /* UIView_day_fourTests.xctest */,
				3DAB0DB41D524EFA00D9A275 /* UIView_day_fourUITests.xctest */,
			);
			name = Products;
			sourceTree = "<group>";
		};
		3DAB0D971D524EFA00D9A275 /* UIView_day_four */ = {
			isa = PBXGroup;
			children = (
				3DAB0DC81D5252C400D9A275 /* Common.swift */,
				3D2AA1F11D53AF3600726B6E /* DetailViewController.swift */,
				3DAB0D981D524EFA00D9A275 /* AppDelegate.swift */,
				3DAB0D9A1D524EFA00D9A275 /* ViewController.swift */,
				3DAB0DC61D5251BC00D9A275 /* TodoModel.swift */,
				3DAB0D9C1D524EFA00D9A275 /* Main.storyboard */,
				3DAB0D9F1D524EFA00D9A275 /* Assets.xcassets */,
				3DAB0DA11D524EFA00D9A275 /* LaunchScreen.storyboard */,
				3DAB0DA41D524EFA00D9A275 /* Info.plist */,
			);
			path = UIView_day_four;
			sourceTree = "<group>";
		};
		3DAB0DAC1D524EFA00D9A275 /* UIView_day_fourTests */ = {
			isa = PBXGroup;
			children = (
				3DAB0DAD1D524EFA00D9A275 /* UIView_day_fourTests.swift */,
				3DAB0DAF1D524EFA00D9A275 /* Info.plist */,
			);
			path = UIView_day_fourTests;
			sourceTree = "<group>";
		};
		3DAB0DB71D524EFA00D9A275 /* UIView_day_fourUITests */ = {
			isa = PBXGroup;
			children = (
				3DAB0DB81D524EFA00D9A275 /* UIView_day_fourUITests.swift */,
				3DAB0DBA1D524EFA00D9A275 /* Info.plist */,
			);
			path = UIView_day_fourUITests;
			sourceTree = "<group>";
		};
/* End PBXGroup section */

/* Begin PBXNativeTarget section */
		3DAB0D941D524EFA00D9A275 /* UIView_day_four */ = {
			isa = PBXNativeTarget;
			buildConfigurationList = 3DAB0DBD1D524EFA00D9A275 /* Build configuration list for PBXNativeTarget "UIView_day_four" */;
			buildPhases = (
				3DAB0D911D524EFA00D9A275 /* Sources */,
				3DAB0D921D524EFA00D9A275 /* Frameworks */,
				3DAB0D931D524EFA00D9A275 /* Resources */,
			);
			buildRules = (
			);
			dependencies = (
			);
			name = UIView_day_four;
			productName = UIView_day_four;
			productReference = 3DAB0D951D524EFA00D9A275 /* UIView_day_four.app */;
			productType = "com.apple.product-type.application";
		};
		3DAB0DA81D524EFA00D9A275 /* UIView_day_fourTests */ = {
			isa = PBXNativeTarget;
			buildConfigurationList = 3DAB0DC01D524EFA00D9A275 /* Build configuration list for PBXNativeTarget "UIView_day_fourTests" */;
			buildPhases = (
				3DAB0DA51D524EFA00D9A275 /* Sources */,
				3DAB0DA61D524EFA00D9A275 /* Frameworks */,
				3DAB0DA71D524EFA00D9A275 /* Resources */,
			);
			buildRules = (
			);
			dependencies = (
				3DAB0DAB1D524EFA00D9A275 /* PBXTargetDependency */,
			);
			name = UIView_day_fourTests;
			productName = UIView_day_fourTests;
			productReference = 3DAB0DA91D524EFA00D9A275 /* UIView_day_fourTests.xctest */;
			productType = "com.apple.product-type.bundle.unit-test";
		};
		3DAB0DB31D524EFA00D9A275 /* UIView_day_fourUITests */ = {
			isa = PBXNativeTarget;
			buildConfigurationList = 3DAB0DC31D524EFA00D9A275 /* Build configuration list for PBXNativeTarget "UIView_day_fourUITests" */;
			buildPhases = (
				3DAB0DB01D524EFA00D9A275 /* Sources */,
				3DAB0DB11D524EFA00D9A275 /* Frameworks */,
				3DAB0DB21D524EFA00D9A275 /* Resources */,
			);
			buildRules = (
			);
			dependencies = (
				3DAB0DB61D524EFA00D9A275 /* PBXTargetDependency */,
			);
			name = UIView_day_fourUITests;
			productName = UIView_day_fourUITests;
			productReference = 3DAB0DB41D524EFA00D9A275 /* UIView_day_fourUITests.xctest */;
			productType = "com.apple.product-type.bundle.ui-testing";
		};
/* End PBXNativeTarget section */

/* Begin PBXProject section */
		3DAB0D8D1D524EFA00D9A275 /* Project object */ = {
			isa = PBXProject;
			attributes = {
				KnownAssetTags = (
					102,
				);
				LastSwiftUpdateCheck = 0730;
				LastUpgradeCheck = 0730;
				ORGANIZATIONNAME = stokey;
				TargetAttributes = {
					3DAB0D941D524EFA00D9A275 = {
						CreatedOnToolsVersion = 7.3.1;
						DevelopmentTeam = W4GQSE3MYQ;
					};
					3DAB0DA81D524EFA00D9A275 = {
						CreatedOnToolsVersion = 7.3.1;
						TestTargetID = 3DAB0D941D524EFA00D9A275;
					};
					3DAB0DB31D524EFA00D9A275 = {
						CreatedOnToolsVersion = 7.3.1;
						TestTargetID = 3DAB0D941D524EFA00D9A275;
					};
				};
			};
			buildConfigurationList = 3DAB0D901D524EFA00D9A275 /* Build configuration list for PBXProject "UIView_day_four" */;
			compatibilityVersion = "Xcode 3.2";
			developmentRegion = English;
			hasScannedForEncodings = 0;
			knownRegions = (
				en,
				Base,
			);
			mainGroup = 3DAB0D8C1D524EFA00D9A275;
			productRefGroup = 3DAB0D961D524EFA00D9A275 /* Products */;
			projectDirPath = "";
			projectRoot = "";
			targets = (
				3DAB0D941D524EFA00D9A275 /* UIView_day_four */,
				3DAB0DA81D524EFA00D9A275 /* UIView_day_fourTests */,
				3DAB0DB31D524EFA00D9A275 /* UIView_day_fourUITests */,
			);
		};
/* End PBXProject section */

/* Begin PBXResourcesBuildPhase section */
		3DAB0D931D524EFA00D9A275 /* Resources */ = {
			isa = PBXResourcesBuildPhase;
			buildActionMask = 2147483647;
			files = (
				3DAB0DA31D524EFA00D9A275 /* LaunchScreen.storyboard in Resources */,
				3DAB0DA01D524EFA00D9A275 /* Assets.xcassets in Resources */,
				3DAB0D9E1D524EFA00D9A275 /* Main.storyboard in Resources */,
			);
			runOnlyForDeploymentPostprocessing = 0;
		};
		3DAB0DA71D524EFA00D9A275 /* Resources */ = {
			isa = PBXResourcesBuildPhase;
			buildActionMask = 2147483647;
			files = (
			);
			runOnlyForDeploymentPostprocessing = 0;
		};
		3DAB0DB21D524EFA00D9A275 /* Resources */ = {
			isa = PBXResourcesBuildPhase;
			buildActionMask = 2147483647;
			files = (
			);
			runOnlyForDeploymentPostprocessing = 0;
		};
/* End PBXResourcesBuildPhase section */

/* Begin PBXSourcesBuildPhase section */
		3DAB0D911D524EFA00D9A275 /* Sources */ = {
			isa = PBXSourcesBuildPhase;
			buildActionMask = 2147483647;
			files = (
				3DAB0DC91D5252C400D9A275 /* Common.swift in Sources */,
				3DAB0DC71D5251BC00D9A275 /* TodoModel.swift in Sources */,
				3D2AA1F21D53AF3600726B6E /* DetailViewController.swift in Sources */,
				3DAB0D9B1D524EFA00D9A275 /* ViewController.swift in Sources */,
				3DAB0D991D524EFA00D9A275 /* AppDelegate.swift in Sources */,
			);
			runOnlyForDeploymentPostprocessing = 0;
		};
		3DAB0DA51D524EFA00D9A275 /* Sources */ = {
			isa = PBXSourcesBuildPhase;
			buildActionMask = 2147483647;
			files = (
				3DAB0DAE1D524EFA00D9A275 /* UIView_day_fourTests.swift in Sources */,
			);
			runOnlyForDeploymentPostprocessing = 0;
		};
		3DAB0DB01D524EFA00D9A275 /* Sources */ = {
			isa = PBXSourcesBuildPhase;
			buildActionMask = 2147483647;
			files = (
				3DAB0DB91D524EFA00D9A275 /* UIView_day_fourUITests.swift in Sources */,
			);
			runOnlyForDeploymentPostprocessing = 0;
		};
/* End PBXSourcesBuildPhase section */

/* Begin PBXTargetDependency section */
		3DAB0DAB1D524EFA00D9A275 /* PBXTargetDependency */ = {
			isa = PBXTargetDependency;
			target = 3DAB0D941D524EFA00D9A275 /* UIView_day_four */;
			targetProxy = 3DAB0DAA1D524EFA00D9A275 /* PBXContainerItemProxy */;
		};
		3DAB0DB61D524EFA00D9A275 /* PBXTargetDependency */ = {
			isa = PBXTargetDependency;
			target = 3DAB0D941D524EFA00D9A275 /* UIView_day_four */;
			targetProxy = 3DAB0DB51D524EFA00D9A275 /* PBXContainerItemProxy */;
		};
/* End PBXTargetDependency section */

/* Begin PBXVariantGroup section */
		3DAB0D9C1D524EFA00D9A275 /* Main.storyboard */ = {
			isa = PBXVariantGroup;
			children = (
				3DAB0D9D1D524EFA00D9A275 /* Base */,
			);
			name = Main.storyboard;
			sourceTree = "<group>";
		};
		3DAB0DA11D524EFA00D9A275 /* LaunchScreen.storyboard */ = {
			isa = PBXVariantGroup;
			children = (
				3DAB0DA21D524EFA00D9A275 /* Base */,
			);
			name = LaunchScreen.storyboard;
			sourceTree = "<group>";
		};
/* End PBXVariantGroup section */

/* Begin XCBuildConfiguration section */
		3DAB0DBB1D524EFA00D9A275 /* Debug */ = {
			isa = XCBuildConfiguration;
			buildSettings = {
				ALWAYS_SEARCH_USER_PATHS = NO;
				CLANG_ANALYZER_NONNULL = YES;
				CLANG_CXX_LANGUAGE_STANDARD = "gnu++0x";
				CLANG_CXX_LIBRARY = "libc++";
				CLANG_ENABLE_MODULES = YES;
				CLANG_ENABLE_OBJC_ARC = YES;
				CLANG_WARN_BOOL_CONVERSION = YES;
				CLANG_WARN_CONSTANT_CONVERSION = YES;
				CLANG_WARN_DIRECT_OBJC_ISA_USAGE = YES_ERROR;
				CLANG_WARN_EMPTY_BODY = YES;
				CLANG_WARN_ENUM_CONVERSION = YES;
				CLANG_WARN_INT_CONVERSION = YES;
				CLANG_WARN_OBJC_ROOT_CLASS = YES_ERROR;
				CLANG_WARN_UNREACHABLE_CODE = YES;
				CLANG_WARN__DUPLICATE_METHOD_MATCH = YES;
				"CODE_SIGN_IDENTITY[sdk=iphoneos*]" = "iPhone Developer";
				COPY_PHASE_STRIP = NO;
				DEBUG_INFORMATION_FORMAT = dwarf;
				ENABLE_STRICT_OBJC_MSGSEND = YES;
				ENABLE_TESTABILITY = YES;
				GCC_C_LANGUAGE_STANDARD = gnu99;
				GCC_DYNAMIC_NO_PIC = NO;
				GCC_NO_COMMON_BLOCKS = YES;
				GCC_OPTIMIZATION_LEVEL = 0;
				GCC_PREPROCESSOR_DEFINITIONS = (
					"DEBUG=1",
					"$(inherited)",
				);
				GCC_WARN_64_TO_32_BIT_CONVERSION = YES;
				GCC_WARN_ABOUT_RETURN_TYPE = YES_ERROR;
				GCC_WARN_UNDECLARED_SELECTOR = YES;
				GCC_WARN_UNINITIALIZED_AUTOS = YES_AGGRESSIVE;
				GCC_WARN_UNUSED_FUNCTION = YES;
				GCC_WARN_UNUSED_VARIABLE = YES;
				IPHONEOS_DEPLOYMENT_TARGET = 9.3;
				MTL_ENABLE_DEBUG_INFO = YES;
				ONLY_ACTIVE_ARCH = YES;
				SDKROOT = iphoneos;
				SWIFT_OPTIMIZATION_LEVEL = "-Onone";
			};
			name = Debug;
		};
		3DAB0DBC1D524EFA00D9A275 /* Release */ = {
			isa = XCBuildConfiguration;
			buildSettings = {
				ALWAYS_SEARCH_USER_PATHS = NO;
				CLANG_ANALYZER_NONNULL = YES;
				CLANG_CXX_LANGUAGE_STANDARD = "gnu++0x";
				CLANG_CXX_LIBRARY = "libc++";
				CLANG_ENABLE_MODULES = YES;
				CLANG_ENABLE_OBJC_ARC = YES;
				CLANG_WARN_BOOL_CONVERSION = YES;
				CLANG_WARN_CONSTANT_CONVERSION = YES;
				CLANG_WARN_DIRECT_OBJC_ISA_USAGE = YES_ERROR;
				CLANG_WARN_EMPTY_BODY = YES;
				CLANG_WARN_ENUM_CONVERSION = YES;
				CLANG_WARN_INT_CONVERSION = YES;
				CLANG_WARN_OBJC_ROOT_CLASS = YES_ERROR;
				CLANG_WARN_UNREACHABLE_CODE = YES;
				CLANG_WARN__DUPLICATE_METHOD_MATCH = YES;
				"CODE_SIGN_IDENTITY[sdk=iphoneos*]" = "iPhone Developer";
				COPY_PHASE_STRIP = NO;
				DEBUG_INFORMATION_FORMAT = "dwarf-with-dsym";
				ENABLE_NS_ASSERTIONS = NO;
				ENABLE_STRICT_OBJC_MSGSEND = YES;
				GCC_C_LANGUAGE_STANDARD = gnu99;
				GCC_NO_COMMON_BLOCKS = YES;
				GCC_WARN_64_TO_32_BIT_CONVERSION = YES;
				GCC_WARN_ABOUT_RETURN_TYPE = YES_ERROR;
				GCC_WARN_UNDECLARED_SELECTOR = YES;
				GCC_WARN_UNINITIALIZED_AUTOS = YES_AGGRESSIVE;
				GCC_WARN_UNUSED_FUNCTION = YES;
				GCC_WARN_UNUSED_VARIABLE = YES;
				IPHONEOS_DEPLOYMENT_TARGET = 9.3;
				MTL_ENABLE_DEBUG_INFO = NO;
				SDKROOT = iphoneos;
				VALIDATE_PRODUCT = YES;
			};
			name = Release;
		};
		3DAB0DBE1D524EFA00D9A275 /* Debug */ = {
			isa = XCBuildConfiguration;
			buildSettings = {
				ASSETCATALOG_COMPILER_APPICON_NAME = AppIcon;
				CODE_SIGN_IDENTITY = "iPhone Developer";
				"CODE_SIGN_IDENTITY[sdk=iphoneos*]" = "iPhone Developer";
				INFOPLIST_FILE = UIView_day_four/Info.plist;
				LD_RUNPATH_SEARCH_PATHS = "$(inherited) @executable_path/Frameworks";
				PRODUCT_BUNDLE_IDENTIFIER = "com.tiangen.ios.UIView-day-four";
				PRODUCT_NAME = "$(TARGET_NAME)";
				PROVISIONING_PROFILE = "";
			};
			name = Debug;
		};
		3DAB0DBF1D524EFA00D9A275 /* Release */ = {
			isa = XCBuildConfiguration;
			buildSettings = {
				ASSETCATALOG_COMPILER_APPICON_NAME = AppIcon;
				CODE_SIGN_IDENTITY = "iPhone Developer";
				"CODE_SIGN_IDENTITY[sdk=iphoneos*]" = "iPhone Developer";
				INFOPLIST_FILE = UIView_day_four/Info.plist;
				LD_RUNPATH_SEARCH_PATHS = "$(inherited) @executable_path/Frameworks";
				PRODUCT_BUNDLE_IDENTIFIER = "com.tiangen.ios.UIView-day-four";
				PRODUCT_NAME = "$(TARGET_NAME)";
				PROVISIONING_PROFILE = "";
			};
			name = Release;
		};
		3DAB0DC11D524EFA00D9A275 /* Debug */ = {
			isa = XCBuildConfiguration;
			buildSettings = {
				BUNDLE_LOADER = "$(TEST_HOST)";
				INFOPLIST_FILE = UIView_day_fourTests/Info.plist;
				LD_RUNPATH_SEARCH_PATHS = "$(inherited) @executable_path/Frameworks @loader_path/Frameworks";
				PRODUCT_BUNDLE_IDENTIFIER = "com.tiangen.ios.UIView-day-fourTests";
				PRODUCT_NAME = "$(TARGET_NAME)";
				TEST_HOST = "$(BUILT_PRODUCTS_DIR)/UIView_day_four.app/UIView_day_four";
			};
			name = Debug;
		};
		3DAB0DC21D524EFA00D9A275 /* Release */ = {
			isa = XCBuildConfiguration;
			buildSettings = {
				BUNDLE_LOADER = "$(TEST_HOST)";
				INFOPLIST_FILE = UIView_day_fourTests/Info.plist;
				LD_RUNPATH_SEARCH_PATHS = "$(inherited) @executable_path/Frameworks @loader_path/Frameworks";
				PRODUCT_BUNDLE_IDENTIFIER = "com.tiangen.ios.UIView-day-fourTests";
				PRODUCT_NAME = "$(TARGET_NAME)";
				TEST_HOST = "$(BUILT_PRODUCTS_DIR)/UIView_day_four.app/UIView_day_four";
			};
			name = Release;
		};
		3DAB0DC41D524EFA00D9A275 /* Debug */ = {
			isa = XCBuildConfiguration;
			buildSettings = {
				INFOPLIST_FILE = UIView_day_fourUITests/Info.plist;
				LD_RUNPATH_SEARCH_PATHS = "$(inherited) @executable_path/Frameworks @loader_path/Frameworks";
				PRODUCT_BUNDLE_IDENTIFIER = "com.tiangen.ios.UIView-day-fourUITests";
				PRODUCT_NAME = "$(TARGET_NAME)";
				TEST_TARGET_NAME = UIView_day_four;
			};
			name = Debug;
		};
		3DAB0DC51D524EFA00D9A275 /* Release */ = {
			isa = XCBuildConfiguration;
			buildSettings = {
				INFOPLIST_FILE = UIView_day_fourUITests/Info.plist;
				LD_RUNPATH_SEARCH_PATHS = "$(inherited) @executable_path/Frameworks @loader_path/Frameworks";
				PRODUCT_BUNDLE_IDENTIFIER = "com.tiangen.ios.UIView-day-fourUITests";
				PRODUCT_NAME = "$(TARGET_NAME)";
				TEST_TARGET_NAME = UIView_day_four;
			};
			name = Release;
		};
/* End XCBuildConfiguration section */

/* Begin XCConfigurationList section */
		3DAB0D901D524EFA00D9A275 /* Build configuration list for PBXProject "UIView_day_four" */ = {
			isa = XCConfigurationList;
			buildConfigurations = (
				3DAB0DBB1D524EFA00D9A275 /* Debug */,
				3DAB0DBC1D524EFA00D9A275 /* Release */,
			);
			defaultConfigurationIsVisible = 0;
			defaultConfigurationName = Release;
		};
		3DAB0DBD1D524EFA00D9A275 /* Build configuration list for PBXNativeTarget "UIView_day_four" */ = {
			isa = XCConfigurationList;
			buildConfigurations = (
				3DAB0DBE1D524EFA00D9A275 /* Debug */,
				3DAB0DBF1D524EFA00D9A275 /* Release */,
			);
			defaultConfigurationIsVisible = 0;
			defaultConfigurationName = Release;
		};
		3DAB0DC01D524EFA00D9A275 /* Build configuration list for PBXNativeTarget "UIView_day_fourTests" */ = {
			isa = XCConfigurationList;
			buildConfigurations = (
				3DAB0DC11D524EFA00D9A275 /* Debug */,
				3DAB0DC21D524EFA00D9A275 /* Release */,
			);
			defaultConfigurationIsVisible = 0;
			defaultConfigurationName = Release;
		};
		3DAB0DC31D524EFA00D9A275 /* Build configuration list for PBXNativeTarget "UIView_day_fourUITests" */ = {
			isa = XCConfigurationList;
			buildConfigurations = (
				3DAB0DC41D524EFA00D9A275 /* Debug */,
				3DAB0DC51D524EFA00D9A275 /* Release */,
			);
			defaultConfigurationIsVisible = 0;
			defaultConfigurationName = Release;
		};
/* End XCConfigurationList section */
	};
	rootObject = 3DAB0D8D1D524EFA00D9A275 /* Project object */;
}
