// !$*UTF8*$!
{
	archiveVersion = 1;
	classes = {
	};
	objectVersion = 46;
	objects = {

/* Begin PBXBuildFile section */
		61CA3AD71D643CA3000B2305 /* AppDelegate.swift in Sources */ = {isa = PBXBuildFile; fileRef = 61CA3AD61D643CA3000B2305 /* AppDelegate.swift */; };
		61CA3ADC1D643CA3000B2305 /* Main.storyboard in Resources */ = {isa = PBXBuildFile; fileRef = 61CA3ADA1D643CA3000B2305 /* Main.storyboard */; };
		61CA3ADE1D643CA3000B2305 /* Assets.xcassets in Resources */ = {isa = PBXBuildFile; fileRef = 61CA3ADD1D643CA3000B2305 /* Assets.xcassets */; };
		61CA3AE11D643CA3000B2305 /* LaunchScreen.storyboard in Resources */ = {isa = PBXBuildFile; fileRef = 61CA3ADF1D643CA3000B2305 /* LaunchScreen.storyboard */; };
		61CA3AEC1D643CA3000B2305 /* day_fiveTests.swift in Sources */ = {isa = PBXBuildFile; fileRef = 61CA3AEB1D643CA3000B2305 /* day_fiveTests.swift */; };
		61CA3AF71D643CA3000B2305 /* day_fiveUITests.swift in Sources */ = {isa = PBXBuildFile; fileRef = 61CA3AF61D643CA3000B2305 /* day_fiveUITests.swift */; };
		61CA3B051D643D13000B2305 /* CollectionViewController.swift in Sources */ = {isa = PBXBuildFile; fileRef = 61CA3B041D643D12000B2305 /* CollectionViewController.swift */; };
		61CA3B071D64435B000B2305 /* CollectionCellView.swift in Sources */ = {isa = PBXBuildFile; fileRef = 61CA3B061D64435B000B2305 /* CollectionCellView.swift */; };
/* End PBXBuildFile section */

/* Begin PBXContainerItemProxy section */
		61CA3AE81D643CA3000B2305 /* PBXContainerItemProxy */ = {
			isa = PBXContainerItemProxy;
			containerPortal = 61CA3ACB1D643CA3000B2305 /* Project object */;
			proxyType = 1;
			remoteGlobalIDString = 61CA3AD21D643CA3000B2305;
			remoteInfo = day_five;
		};
		61CA3AF31D643CA3000B2305 /* PBXContainerItemProxy */ = {
			isa = PBXContainerItemProxy;
			containerPortal = 61CA3ACB1D643CA3000B2305 /* Project object */;
			proxyType = 1;
			remoteGlobalIDString = 61CA3AD21D643CA3000B2305;
			remoteInfo = day_five;
		};
/* End PBXContainerItemProxy section */

/* Begin PBXFileReference section */
		61CA3AD31D643CA3000B2305 /* day_five.app */ = {isa = PBXFileReference; explicitFileType = wrapper.application; includeInIndex = 0; path = day_five.app; sourceTree = BUILT_PRODUCTS_DIR; };
		61CA3AD61D643CA3000B2305 /* AppDelegate.swift */ = {isa = PBXFileReference; lastKnownFileType = sourcecode.swift; path = AppDelegate.swift; sourceTree = "<group>"; };
		61CA3ADB1D643CA3000B2305 /* Base */ = {isa = PBXFileReference; lastKnownFileType = file.storyboard; name = Base; path = Base.lproj/Main.storyboard; sourceTree = "<group>"; };
		61CA3ADD1D643CA3000B2305 /* Assets.xcassets */ = {isa = PBXFileReference; lastKnownFileType = folder.assetcatalog; path = Assets.xcassets; sourceTree = "<group>"; };
		61CA3AE01D643CA3000B2305 /* Base */ = {isa = PBXFileReference; lastKnownFileType = file.storyboard; name = Base; path = Base.lproj/LaunchScreen.storyboard; sourceTree = "<group>"; };
		61CA3AE21D643CA3000B2305 /* Info.plist */ = {isa = PBXFileReference; lastKnownFileType = text.plist.xml; path = Info.plist; sourceTree = "<group>"; };
		61CA3AE71D643CA3000B2305 /* day_fiveTests.xctest */ = {isa = PBXFileReference; explicitFileType = wrapper.cfbundle; includeInIndex = 0; path = day_fiveTests.xctest; sourceTree = BUILT_PRODUCTS_DIR; };
		61CA3AEB1D643CA3000B2305 /* day_fiveTests.swift */ = {isa = PBXFileReference; lastKnownFileType = sourcecode.swift; path = day_fiveTests.swift; sourceTree = "<group>"; };
		61CA3AED1D643CA3000B2305 /* Info.plist */ = {isa = PBXFileReference; lastKnownFileType = text.plist.xml; path = Info.plist; sourceTree = "<group>"; };
		61CA3AF21D643CA3000B2305 /* day_fiveUITests.xctest */ = {isa = PBXFileReference; explicitFileType = wrapper.cfbundle; includeInIndex = 0; path = day_fiveUITests.xctest; sourceTree = BUILT_PRODUCTS_DIR; };
		61CA3AF61D643CA3000B2305 /* day_fiveUITests.swift */ = {isa = PBXFileReference; lastKnownFileType = sourcecode.swift; path = day_fiveUITests.swift; sourceTree = "<group>"; };
		61CA3AF81D643CA3000B2305 /* Info.plist */ = {isa = PBXFileReference; lastKnownFileType = text.plist.xml; path = Info.plist; sourceTree = "<group>"; };
		61CA3B041D643D12000B2305 /* CollectionViewController.swift */ = {isa = PBXFileReference; fileEncoding = 4; lastKnownFileType = sourcecode.swift; path = CollectionViewController.swift; sourceTree = "<group>"; };
		61CA3B061D64435B000B2305 /* CollectionCellView.swift */ = {isa = PBXFileReference; fileEncoding = 4; lastKnownFileType = sourcecode.swift; path = CollectionCellView.swift; sourceTree = "<group>"; };
/* End PBXFileReference section */

/* Begin PBXFrameworksBuildPhase section */
		61CA3AD01D643CA3000B2305 /* Frameworks */ = {
			isa = PBXFrameworksBuildPhase;
			buildActionMask = 2147483647;
			files = (
			);
			runOnlyForDeploymentPostprocessing = 0;
		};
		61CA3AE41D643CA3000B2305 /* Frameworks */ = {
			isa = PBXFrameworksBuildPhase;
			buildActionMask = 2147483647;
			files = (
			);
			runOnlyForDeploymentPostprocessing = 0;
		};
		61CA3AEF1D643CA3000B2305 /* Frameworks */ = {
			isa = PBXFrameworksBuildPhase;
			buildActionMask = 2147483647;
			files = (
			);
			runOnlyForDeploymentPostprocessing = 0;
		};
/* End PBXFrameworksBuildPhase section */

/* Begin PBXGroup section */
		61CA3ACA1D643CA3000B2305 = {
			isa = PBXGroup;
			children = (
				61CA3AD51D643CA3000B2305 /* day_five */,
				61CA3AEA1D643CA3000B2305 /* day_fiveTests */,
				61CA3AF51D643CA3000B2305 /* day_fiveUITests */,
				61CA3AD41D643CA3000B2305 /* Products */,
			);
			sourceTree = "<group>";
		};
		61CA3AD41D643CA3000B2305 /* Products */ = {
			isa = PBXGroup;
			children = (
				61CA3AD31D643CA3000B2305 /* day_five.app */,
				61CA3AE71D643CA3000B2305 /* day_fiveTests.xctest */,
				61CA3AF21D643CA3000B2305 /* day_fiveUITests.xctest */,
			);
			name = Products;
			sourceTree = "<group>";
		};
		61CA3AD51D643CA3000B2305 /* day_five */ = {
			isa = PBXGroup;
			children = (
				61CA3AD61D643CA3000B2305 /* AppDelegate.swift */,
				61CA3B041D643D12000B2305 /* CollectionViewController.swift */,
				61CA3ADA1D643CA3000B2305 /* Main.storyboard */,
				61CA3ADD1D643CA3000B2305 /* Assets.xcassets */,
				61CA3ADF1D643CA3000B2305 /* LaunchScreen.storyboard */,
				61CA3AE21D643CA3000B2305 /* Info.plist */,
				61CA3B061D64435B000B2305 /* CollectionCellView.swift */,
			);
			path = day_five;
			sourceTree = "<group>";
		};
		61CA3AEA1D643CA3000B2305 /* day_fiveTests */ = {
			isa = PBXGroup;
			children = (
				61CA3AEB1D643CA3000B2305 /* day_fiveTests.swift */,
				61CA3AED1D643CA3000B2305 /* Info.plist */,
			);
			path = day_fiveTests;
			sourceTree = "<group>";
		};
		61CA3AF51D643CA3000B2305 /* day_fiveUITests */ = {
			isa = PBXGroup;
			children = (
				61CA3AF61D643CA3000B2305 /* day_fiveUITests.swift */,
				61CA3AF81D643CA3000B2305 /* Info.plist */,
			);
			path = day_fiveUITests;
			sourceTree = "<group>";
		};
/* End PBXGroup section */

/* Begin PBXNativeTarget section */
		61CA3AD21D643CA3000B2305 /* day_five */ = {
			isa = PBXNativeTarget;
			buildConfigurationList = 61CA3AFB1D643CA3000B2305 /* Build configuration list for PBXNativeTarget "day_five" */;
			buildPhases = (
				61CA3ACF1D643CA3000B2305 /* Sources */,
				61CA3AD01D643CA3000B2305 /* Frameworks */,
				61CA3AD11D643CA3000B2305 /* Resources */,
			);
			buildRules = (
			);
			dependencies = (
			);
			name = day_five;
			productName = day_five;
			productReference = 61CA3AD31D643CA3000B2305 /* day_five.app */;
			productType = "com.apple.product-type.application";
		};
		61CA3AE61D643CA3000B2305 /* day_fiveTests */ = {
			isa = PBXNativeTarget;
			buildConfigurationList = 61CA3AFE1D643CA3000B2305 /* Build configuration list for PBXNativeTarget "day_fiveTests" */;
			buildPhases = (
				61CA3AE31D643CA3000B2305 /* Sources */,
				61CA3AE41D643CA3000B2305 /* Frameworks */,
				61CA3AE51D643CA3000B2305 /* Resources */,
			);
			buildRules = (
			);
			dependencies = (
				61CA3AE91D643CA3000B2305 /* PBXTargetDependency */,
			);
			name = day_fiveTests;
			productName = day_fiveTests;
			productReference = 61CA3AE71D643CA3000B2305 /* day_fiveTests.xctest */;
			productType = "com.apple.product-type.bundle.unit-test";
		};
		61CA3AF11D643CA3000B2305 /* day_fiveUITests */ = {
			isa = PBXNativeTarget;
			buildConfigurationList = 61CA3B011D643CA3000B2305 /* Build configuration list for PBXNativeTarget "day_fiveUITests" */;
			buildPhases = (
				61CA3AEE1D643CA3000B2305 /* Sources */,
				61CA3AEF1D643CA3000B2305 /* Frameworks */,
				61CA3AF01D643CA3000B2305 /* Resources */,
			);
			buildRules = (
			);
			dependencies = (
				61CA3AF41D643CA3000B2305 /* PBXTargetDependency */,
			);
			name = day_fiveUITests;
			productName = day_fiveUITests;
			productReference = 61CA3AF21D643CA3000B2305 /* day_fiveUITests.xctest */;
			productType = "com.apple.product-type.bundle.ui-testing";
		};
/* End PBXNativeTarget section */

/* Begin PBXProject section */
		61CA3ACB1D643CA3000B2305 /* Project object */ = {
			isa = PBXProject;
			attributes = {
				LastSwiftUpdateCheck = 0730;
				LastUpgradeCheck = 0730;
				ORGANIZATIONNAME = stokey;
				TargetAttributes = {
					61CA3AD21D643CA3000B2305 = {
						CreatedOnToolsVersion = 7.3.1;
					};
					61CA3AE61D643CA3000B2305 = {
						CreatedOnToolsVersion = 7.3.1;
						TestTargetID = 61CA3AD21D643CA3000B2305;
					};
					61CA3AF11D643CA3000B2305 = {
						CreatedOnToolsVersion = 7.3.1;
						TestTargetID = 61CA3AD21D643CA3000B2305;
					};
				};
			};
			buildConfigurationList = 61CA3ACE1D643CA3000B2305 /* Build configuration list for PBXProject "day_five" */;
			compatibilityVersion = "Xcode 3.2";
			developmentRegion = English;
			hasScannedForEncodings = 0;
			knownRegions = (
				en,
				Base,
			);
			mainGroup = 61CA3ACA1D643CA3000B2305;
			productRefGroup = 61CA3AD41D643CA3000B2305 /* Products */;
			projectDirPath = "";
			projectRoot = "";
			targets = (
				61CA3AD21D643CA3000B2305 /* day_five */,
				61CA3AE61D643CA3000B2305 /* day_fiveTests */,
				61CA3AF11D643CA3000B2305 /* day_fiveUITests */,
			);
		};
/* End PBXProject section */

/* Begin PBXResourcesBuildPhase section */
		61CA3AD11D643CA3000B2305 /* Resources */ = {
			isa = PBXResourcesBuildPhase;
			buildActionMask = 2147483647;
			files = (
				61CA3AE11D643CA3000B2305 /* LaunchScreen.storyboard in Resources */,
				61CA3ADE1D643CA3000B2305 /* Assets.xcassets in Resources */,
				61CA3ADC1D643CA3000B2305 /* Main.storyboard in Resources */,
			);
			runOnlyForDeploymentPostprocessing = 0;
		};
		61CA3AE51D643CA3000B2305 /* Resources */ = {
			isa = PBXResourcesBuildPhase;
			buildActionMask = 2147483647;
			files = (
			);
			runOnlyForDeploymentPostprocessing = 0;
		};
		61CA3AF01D643CA3000B2305 /* Resources */ = {
			isa = PBXResourcesBuildPhase;
			buildActionMask = 2147483647;
			files = (
			);
			runOnlyForDeploymentPostprocessing = 0;
		};
/* End PBXResourcesBuildPhase section */

/* Begin PBXSourcesBuildPhase section */
		61CA3ACF1D643CA3000B2305 /* Sources */ = {
			isa = PBXSourcesBuildPhase;
			buildActionMask = 2147483647;
			files = (
				61CA3B051D643D13000B2305 /* CollectionViewController.swift in Sources */,
				61CA3AD71D643CA3000B2305 /* AppDelegate.swift in Sources */,
				61CA3B071D64435B000B2305 /* CollectionCellView.swift in Sources */,
			);
			runOnlyForDeploymentPostprocessing = 0;
		};
		61CA3AE31D643CA3000B2305 /* Sources */ = {
			isa = PBXSourcesBuildPhase;
			buildActionMask = 2147483647;
			files = (
				61CA3AEC1D643CA3000B2305 /* day_fiveTests.swift in Sources */,
			);
			runOnlyForDeploymentPostprocessing = 0;
		};
		61CA3AEE1D643CA3000B2305 /* Sources */ = {
			isa = PBXSourcesBuildPhase;
			buildActionMask = 2147483647;
			files = (
				61CA3AF71D643CA3000B2305 /* day_fiveUITests.swift in Sources */,
			);
			runOnlyForDeploymentPostprocessing = 0;
		};
/* End PBXSourcesBuildPhase section */

/* Begin PBXTargetDependency section */
		61CA3AE91D643CA3000B2305 /* PBXTargetDependency */ = {
			isa = PBXTargetDependency;
			target = 61CA3AD21D643CA3000B2305 /* day_five */;
			targetProxy = 61CA3AE81D643CA3000B2305 /* PBXContainerItemProxy */;
		};
		61CA3AF41D643CA3000B2305 /* PBXTargetDependency */ = {
			isa = PBXTargetDependency;
			target = 61CA3AD21D643CA3000B2305 /* day_five */;
			targetProxy = 61CA3AF31D643CA3000B2305 /* PBXContainerItemProxy */;
		};
/* End PBXTargetDependency section */

/* Begin PBXVariantGroup section */
		61CA3ADA1D643CA3000B2305 /* Main.storyboard */ = {
			isa = PBXVariantGroup;
			children = (
				61CA3ADB1D643CA3000B2305 /* Base */,
			);
			name = Main.storyboard;
			sourceTree = "<group>";
		};
		61CA3ADF1D643CA3000B2305 /* LaunchScreen.storyboard */ = {
			isa = PBXVariantGroup;
			children = (
				61CA3AE01D643CA3000B2305 /* Base */,
			);
			name = LaunchScreen.storyboard;
			sourceTree = "<group>";
		};
/* End PBXVariantGroup section */

/* Begin XCBuildConfiguration section */
		61CA3AF91D643CA3000B2305 /* Debug */ = {
			isa = XCBuildConfiguration;
			buildSettings = {
				ALWAYS_SEARCH_USER_PATHS = NO;
				CLANG_ANALYZER_NONNULL = YES;
				CLANG_CXX_LANGUAGE_STANDARD = "gnu++0x";
				CLANG_CXX_LIBRARY = "libc++";
				CLANG_ENABLE_MODULES = YES;
				CLANG_ENABLE_OBJC_ARC = YES;
				CLANG_WARN_BOOL_CONVERSION = YES;
				CLANG_WARN_CONSTANT_CONVERSION = YES;
				CLANG_WARN_DIRECT_OBJC_ISA_USAGE = YES_ERROR;
				CLANG_WARN_EMPTY_BODY = YES;
				CLANG_WARN_ENUM_CONVERSION = YES;
				CLANG_WARN_INT_CONVERSION = YES;
				CLANG_WARN_OBJC_ROOT_CLASS = YES_ERROR;
				CLANG_WARN_UNREACHABLE_CODE = YES;
				CLANG_WARN__DUPLICATE_METHOD_MATCH = YES;
				"CODE_SIGN_IDENTITY[sdk=iphoneos*]" = "iPhone Developer";
				COPY_PHASE_STRIP = NO;
				DEBUG_INFORMATION_FORMAT = dwarf;
				ENABLE_STRICT_OBJC_MSGSEND = YES;
				ENABLE_TESTABILITY = YES;
				GCC_C_LANGUAGE_STANDARD = gnu99;
				GCC_DYNAMIC_NO_PIC = NO;
				GCC_NO_COMMON_BLOCKS = YES;
				GCC_OPTIMIZATION_LEVEL = 0;
				GCC_PREPROCESSOR_DEFINITIONS = (
					"DEBUG=1",
					"$(inherited)",
				);
				GCC_WARN_64_TO_32_BIT_CONVERSION = YES;
				GCC_WARN_ABOUT_RETURN_TYPE = YES_ERROR;
				GCC_WARN_UNDECLARED_SELECTOR = YES;
				GCC_WARN_UNINITIALIZED_AUTOS = YES_AGGRESSIVE;
				GCC_WARN_UNUSED_FUNCTION = YES;
				GCC_WARN_UNUSED_VARIABLE = YES;
				IPHONEOS_DEPLOYMENT_TARGET = 9.3;
				MTL_ENABLE_DEBUG_INFO = YES;
				ONLY_ACTIVE_ARCH = YES;
				SDKROOT = iphoneos;
				SWIFT_OPTIMIZATION_LEVEL = "-Onone";
			};
			name = Debug;
		};
		61CA3AFA1D643CA3000B2305 /* Release */ = {
			isa = XCBuildConfiguration;
			buildSettings = {
				ALWAYS_SEARCH_USER_PATHS = NO;
				CLANG_ANALYZER_NONNULL = YES;
				CLANG_CXX_LANGUAGE_STANDARD = "gnu++0x";
				CLANG_CXX_LIBRARY = "libc++";
				CLANG_ENABLE_MODULES = YES;
				CLANG_ENABLE_OBJC_ARC = YES;
				CLANG_WARN_BOOL_CONVERSION = YES;
				CLANG_WARN_CONSTANT_CONVERSION = YES;
				CLANG_WARN_DIRECT_OBJC_ISA_USAGE = YES_ERROR;
				CLANG_WARN_EMPTY_BODY = YES;
				CLANG_WARN_ENUM_CONVERSION = YES;
				CLANG_WARN_INT_CONVERSION = YES;
				CLANG_WARN_OBJC_ROOT_CLASS = YES_ERROR;
				CLANG_WARN_UNREACHABLE_CODE = YES;
				CLANG_WARN__DUPLICATE_METHOD_MATCH = YES;
				"CODE_SIGN_IDENTITY[sdk=iphoneos*]" = "iPhone Developer";
				COPY_PHASE_STRIP = NO;
				DEBUG_INFORMATION_FORMAT = "dwarf-with-dsym";
				ENABLE_NS_ASSERTIONS = NO;
				ENABLE_STRICT_OBJC_MSGSEND = YES;
				GCC_C_LANGUAGE_STANDARD = gnu99;
				GCC_NO_COMMON_BLOCKS = YES;
				GCC_WARN_64_TO_32_BIT_CONVERSION = YES;
				GCC_WARN_ABOUT_RETURN_TYPE = YES_ERROR;
				GCC_WARN_UNDECLARED_SELECTOR = YES;
				GCC_WARN_UNINITIALIZED_AUTOS = YES_AGGRESSIVE;
				GCC_WARN_UNUSED_FUNCTION = YES;
				GCC_WARN_UNUSED_VARIABLE = YES;
				IPHONEOS_DEPLOYMENT_TARGET = 9.3;
				MTL_ENABLE_DEBUG_INFO = NO;
				SDKROOT = iphoneos;
				VALIDATE_PRODUCT = YES;
			};
			name = Release;
		};
		61CA3AFC1D643CA3000B2305 /* Debug */ = {
			isa = XCBuildConfiguration;
			buildSettings = {
				ASSETCATALOG_COMPILER_APPICON_NAME = AppIcon;
				INFOPLIST_FILE = day_five/Info.plist;
				LD_RUNPATH_SEARCH_PATHS = "$(inherited) @executable_path/Frameworks";
				PRODUCT_BUNDLE_IDENTIFIER = "com.stokey.swift.day-five";
				PRODUCT_NAME = "$(TARGET_NAME)";
			};
			name = Debug;
		};
		61CA3AFD1D643CA3000B2305 /* Release */ = {
			isa = XCBuildConfiguration;
			buildSettings = {
				ASSETCATALOG_COMPILER_APPICON_NAME = AppIcon;
				INFOPLIST_FILE = day_five/Info.plist;
				LD_RUNPATH_SEARCH_PATHS = "$(inherited) @executable_path/Frameworks";
				PRODUCT_BUNDLE_IDENTIFIER = "com.stokey.swift.day-five";
				PRODUCT_NAME = "$(TARGET_NAME)";
			};
			name = Release;
		};
		61CA3AFF1D643CA3000B2305 /* Debug */ = {
			isa = XCBuildConfiguration;
			buildSettings = {
				BUNDLE_LOADER = "$(TEST_HOST)";
				INFOPLIST_FILE = day_fiveTests/Info.plist;
				LD_RUNPATH_SEARCH_PATHS = "$(inherited) @executable_path/Frameworks @loader_path/Frameworks";
				PRODUCT_BUNDLE_IDENTIFIER = "com.stokey.swift.day-fiveTests";
				PRODUCT_NAME = "$(TARGET_NAME)";
				TEST_HOST = "$(BUILT_PRODUCTS_DIR)/day_five.app/day_five";
			};
			name = Debug;
		};
		61CA3B001D643CA3000B2305 /* Release */ = {
			isa = XCBuildConfiguration;
			buildSettings = {
				BUNDLE_LOADER = "$(TEST_HOST)";
				INFOPLIST_FILE = day_fiveTests/Info.plist;
				LD_RUNPATH_SEARCH_PATHS = "$(inherited) @executable_path/Frameworks @loader_path/Frameworks";
				PRODUCT_BUNDLE_IDENTIFIER = "com.stokey.swift.day-fiveTests";
				PRODUCT_NAME = "$(TARGET_NAME)";
				TEST_HOST = "$(BUILT_PRODUCTS_DIR)/day_five.app/day_five";
			};
			name = Release;
		};
		61CA3B021D643CA3000B2305 /* Debug */ = {
			isa = XCBuildConfiguration;
			buildSettings = {
				INFOPLIST_FILE = day_fiveUITests/Info.plist;
				LD_RUNPATH_SEARCH_PATHS = "$(inherited) @executable_path/Frameworks @loader_path/Frameworks";
				PRODUCT_BUNDLE_IDENTIFIER = "com.stokey.swift.day-fiveUITests";
				PRODUCT_NAME = "$(TARGET_NAME)";
				TEST_TARGET_NAME = day_five;
			};
			name = Debug;
		};
		61CA3B031D643CA3000B2305 /* Release */ = {
			isa = XCBuildConfiguration;
			buildSettings = {
				INFOPLIST_FILE = day_fiveUITests/Info.plist;
				LD_RUNPATH_SEARCH_PATHS = "$(inherited) @executable_path/Frameworks @loader_path/Frameworks";
				PRODUCT_BUNDLE_IDENTIFIER = "com.stokey.swift.day-fiveUITests";
				PRODUCT_NAME = "$(TARGET_NAME)";
				TEST_TARGET_NAME = day_five;
			};
			name = Release;
		};
/* End XCBuildConfiguration section */

/* Begin XCConfigurationList section */
		61CA3ACE1D643CA3000B2305 /* Build configuration list for PBXProject "day_five" */ = {
			isa = XCConfigurationList;
			buildConfigurations = (
				61CA3AF91D643CA3000B2305 /* Debug */,
				61CA3AFA1D643CA3000B2305 /* Release */,
			);
			defaultConfigurationIsVisible = 0;
			defaultConfigurationName = Release;
		};
		61CA3AFB1D643CA3000B2305 /* Build configuration list for PBXNativeTarget "day_five" */ = {
			isa = XCConfigurationList;
			buildConfigurations = (
				61CA3AFC1D643CA3000B2305 /* Debug */,
				61CA3AFD1D643CA3000B2305 /* Release */,
			);
			defaultConfigurationIsVisible = 0;
		};
		61CA3AFE1D643CA3000B2305 /* Build configuration list for PBXNativeTarget "day_fiveTests" */ = {
			isa = XCConfigurationList;
			buildConfigurations = (
				61CA3AFF1D643CA3000B2305 /* Debug */,
				61CA3B001D643CA3000B2305 /* Release */,
			);
			defaultConfigurationIsVisible = 0;
		};
		61CA3B011D643CA3000B2305 /* Build configuration list for PBXNativeTarget "day_fiveUITests" */ = {
			isa = XCConfigurationList;
			buildConfigurations = (
				61CA3B021D643CA3000B2305 /* Debug */,
				61CA3B031D643CA3000B2305 /* Release */,
			);
			defaultConfigurationIsVisible = 0;
		};
/* End XCConfigurationList section */
	};
	rootObject = 61CA3ACB1D643CA3000B2305 /* Project object */;
}
